
Microsoft Visual Studio Solution File, Format Version 12.00
# Visual Studio Version 17
VisualStudioVersion = 17.4.33205.214
MinimumVisualStudioVersion = 10.0.40219.1
Project("{FAE04EC0-301F-11D3-BF4B-00C04F79EFBC}") = "moviesetc", "moviesetc.csproj", "{6B37DEBA-B1FF-4CA5-95EB-7776BCA9A397}"
EndProject
Global
	GlobalSection(SolutionConfigurationPlatforms) = preSolution
		Debug|Any CPU = Debug|Any CPU
		Release|Any CPU = Release|Any CPU
	EndGlobalSection
	GlobalSection(ProjectConfigurationPlatforms) = postSolution
		{6B37DEBA-B1FF-4CA5-95EB-7776BCA9A397}.Debug|Any CPU.ActiveCfg = Debug|Any CPU
		{6B37DEBA-B1FF-4CA5-95EB-7776BCA9A397}.Debug|Any CPU.Build.0 = Debug|Any CPU
		{6B37DEBA-B1FF-4CA5-95EB-7776BCA9A397}.Release|Any CPU.ActiveCfg = Release|Any CPU
		{6B37DEBA-B1FF-4CA5-95EB-7776BCA9A397}.Release|Any CPU.Build.0 = Release|Any CPU
	EndGlobalSection
	GlobalSection(SolutionProperties) = preSolution
		HideSolutionNode = FALSE
	EndGlobalSection
	GlobalSection(ExtensibilityGlobals) = postSolution
		SolutionGuid = {84F5D086-D246-4EA8-B06A-7B791D1E7C35}
	EndGlobalSection
EndGlobal
